// !$*UTF8*$!
{
	archiveVersion = 1;
	classes = {
	};
	objectVersion = 46;
	objects = {

/* Begin PBXBuildFile section */
		69A87B3D1C3F519D00791871 /* main.m in Sources */ = {isa = PBXBuildFile; fileRef = 69A87B3C1C3F519D00791871 /* main.m */; };
		69A87B401C3F519D00791871 /* AppDelegate.m in Sources */ = {isa = PBXBuildFile; fileRef = 69A87B3F1C3F519D00791871 /* AppDelegate.m */; };
		69A87B431C3F519D00791871 /* ViewController.m in Sources */ = {isa = PBXBuildFile; fileRef = 69A87B421C3F519D00791871 /* ViewController.m */; };
		69A87B461C3F519D00791871 /* Main.storyboard in Resources */ = {isa = PBXBuildFile; fileRef = 69A87B441C3F519D00791871 /* Main.storyboard */; };
		69A87B481C3F519D00791871 /* Assets.xcassets in Resources */ = {isa = PBXBuildFile; fileRef = 69A87B471C3F519D00791871 /* Assets.xcassets */; };
		69A87B4B1C3F519D00791871 /* LaunchScreen.storyboard in Resources */ = {isa = PBXBuildFile; fileRef = 69A87B491C3F519D00791871 /* LaunchScreen.storyboard */; };
		69A87B561C3F519D00791871 /* TQSomethingTests.m in Sources */ = {isa = PBXBuildFile; fileRef = 69A87B551C3F519D00791871 /* TQSomethingTests.m */; };
		69A87B611C3F519D00791871 /* TQSomethingUITests.m in Sources */ = {isa = PBXBuildFile; fileRef = 69A87B601C3F519D00791871 /* TQSomethingUITests.m */; };
/* End PBXBuildFile section */

/* Begin PBXContainerItemProxy section */
		69A87B521C3F519D00791871 /* PBXContainerItemProxy */ = {
			isa = PBXContainerItemProxy;
			containerPortal = 69A87B301C3F519C00791871 /* Project object */;
			proxyType = 1;
			remoteGlobalIDString = 69A87B371C3F519C00791871;
			remoteInfo = TQSomething;
		};
		69A87B5D1C3F519D00791871 /* PBXContainerItemProxy */ = {
			isa = PBXContainerItemProxy;
			containerPortal = 69A87B301C3F519C00791871 /* Project object */;
			proxyType = 1;
			remoteGlobalIDString = 69A87B371C3F519C00791871;
			remoteInfo = TQSomething;
		};
/* End PBXContainerItemProxy section */

/* Begin PBXFileReference section */
		69A87B381C3F519C00791871 /* TQSomething.app */ = {isa = PBXFileReference; explicitFileType = wrapper.application; includeInIndex = 0; path = TQSomething.app; sourceTree = BUILT_PRODUCTS_DIR; };
		69A87B3C1C3F519D00791871 /* main.m */ = {isa = PBXFileReference; lastKnownFileType = sourcecode.c.objc; path = main.m; sourceTree = "<group>"; };
		69A87B3E1C3F519D00791871 /* AppDelegate.h */ = {isa = PBXFileReference; lastKnownFileType = sourcecode.c.h; path = AppDelegate.h; sourceTree = "<group>"; };
		69A87B3F1C3F519D00791871 /* AppDelegate.m */ = {isa = PBXFileReference; lastKnownFileType = sourcecode.c.objc; path = AppDelegate.m; sourceTree = "<group>"; };
		69A87B411C3F519D00791871 /* ViewController.h */ = {isa = PBXFileReference; lastKnownFileType = sourcecode.c.h; path = ViewController.h; sourceTree = "<group>"; };
		69A87B421C3F519D00791871 /* ViewController.m */ = {isa = PBXFileReference; lastKnownFileType = sourcecode.c.objc; path = ViewController.m; sourceTree = "<group>"; };
		69A87B451C3F519D00791871 /* Base */ = {isa = PBXFileReference; lastKnownFileType = file.storyboard; name = Base; path = Base.lproj/Main.storyboard; sourceTree = "<group>"; };
		69A87B471C3F519D00791871 /* Assets.xcassets */ = {isa = PBXFileReference; lastKnownFileType = folder.assetcatalog; path = Assets.xcassets; sourceTree = "<group>"; };
		69A87B4A1C3F519D00791871 /* Base */ = {isa = PBXFileReference; lastKnownFileType = file.storyboard; name = Base; path = Base.lproj/LaunchScreen.storyboard; sourceTree = "<group>"; };
		69A87B4C1C3F519D00791871 /* Info.plist */ = {isa = PBXFileReference; lastKnownFileType = text.plist.xml; path = Info.plist; sourceTree = "<group>"; };
		69A87B511C3F519D00791871 /* TQSomethingTests.xctest */ = {isa = PBXFileReference; explicitFileType = wrapper.cfbundle; includeInIndex = 0; path = TQSomethingTests.xctest; sourceTree = BUILT_PRODUCTS_DIR; };
		69A87B551C3F519D00791871 /* TQSomethingTests.m */ = {isa = PBXFileReference; lastKnownFileType = sourcecode.c.objc; path = TQSomethingTests.m; sourceTree = "<group>"; };
		69A87B571C3F519D00791871 /* Info.plist */ = {isa = PBXFileReference; lastKnownFileType = text.plist.xml; path = Info.plist; sourceTree = "<group>"; };
		69A87B5C1C3F519D00791871 /* TQSomethingUITests.xctest */ = {isa = PBXFileReference; explicitFileType = wrapper.cfbundle; includeInIndex = 0; path = TQSomethingUITests.xctest; sourceTree = BUILT_PRODUCTS_DIR; };
		69A87B601C3F519D00791871 /* TQSomethingUITests.m */ = {isa = PBXFileReference; lastKnownFileType = sourcecode.c.objc; path = TQSomethingUITests.m; sourceTree = "<group>"; };
		69A87B621C3F519D00791871 /* Info.plist */ = {isa = PBXFileReference; lastKnownFileType = text.plist.xml; path = Info.plist; sourceTree = "<group>"; };
/* End PBXFileReference section */

/* Begin PBXFrameworksBuildPhase section */
		69A87B351C3F519C00791871 /* Frameworks */ = {
			isa = PBXFrameworksBuildPhase;
			buildActionMask = 2147483647;
			files = (
			);
			runOnlyForDeploymentPostprocessing = 0;
		};
		69A87B4E1C3F519D00791871 /* Frameworks */ = {
			isa = PBXFrameworksBuildPhase;
			buildActionMask = 2147483647;
			files = (
			);
			runOnlyForDeploymentPostprocessing = 0;
		};
		69A87B591C3F519D00791871 /* Frameworks */ = {
			isa = PBXFrameworksBuildPhase;
			buildActionMask = 2147483647;
			files = (
			);
			runOnlyForDeploymentPostprocessing = 0;
		};
/* End PBXFrameworksBuildPhase section */

/* Begin PBXGroup section */
		69A87B2F1C3F519C00791871 = {
			isa = PBXGroup;
			children = (
				69A87B3A1C3F519C00791871 /* TQSomething */,
				69A87B541C3F519D00791871 /* TQSomethingTests */,
				69A87B5F1C3F519D00791871 /* TQSomethingUITests */,
				69A87B391C3F519C00791871 /* Products */,
			);
			sourceTree = "<group>";
		};
		69A87B391C3F519C00791871 /* Products */ = {
			isa = PBXGroup;
			children = (
				69A87B381C3F519C00791871 /* TQSomething.app */,
				69A87B511C3F519D00791871 /* TQSomethingTests.xctest */,
				69A87B5C1C3F519D00791871 /* TQSomethingUITests.xctest */,
			);
			name = Products;
			sourceTree = "<group>";
		};
		69A87B3A1C3F519C00791871 /* TQSomething */ = {
			isa = PBXGroup;
			children = (
				69A87B3E1C3F519D00791871 /* AppDelegate.h */,
				69A87B3F1C3F519D00791871 /* AppDelegate.m */,
				69A87B411C3F519D00791871 /* ViewController.h */,
				69A87B421C3F519D00791871 /* ViewController.m */,
				69A87B441C3F519D00791871 /* Main.storyboard */,
				69A87B471C3F519D00791871 /* Assets.xcassets */,
				69A87B491C3F519D00791871 /* LaunchScreen.storyboard */,
				69A87B4C1C3F519D00791871 /* Info.plist */,
				69A87B3B1C3F519C00791871 /* Supporting Files */,
			);
			path = TQSomething;
			sourceTree = "<group>";
		};
		69A87B3B1C3F519C00791871 /* Supporting Files */ = {
			isa = PBXGroup;
			children = (
				69A87B3C1C3F519D00791871 /* main.m */,
			);
			name = "Supporting Files";
			sourceTree = "<group>";
		};
		69A87B541C3F519D00791871 /* TQSomethingTests */ = {
			isa = PBXGroup;
			children = (
				69A87B551C3F519D00791871 /* TQSomethingTests.m */,
				69A87B571C3F519D00791871 /* Info.plist */,
			);
			path = TQSomethingTests;
			sourceTree = "<group>";
		};
		69A87B5F1C3F519D00791871 /* TQSomethingUITests */ = {
			isa = PBXGroup;
			children = (
				69A87B601C3F519D00791871 /* TQSomethingUITests.m */,
				69A87B621C3F519D00791871 /* Info.plist */,
			);
			path = TQSomethingUITests;
			sourceTree = "<group>";
		};
/* End PBXGroup section */

/* Begin PBXNativeTarget section */
		69A87B371C3F519C00791871 /* TQSomething */ = {
			isa = PBXNativeTarget;
			buildConfigurationList = 69A87B651C3F519D00791871 /* Build configuration list for PBXNativeTarget "TQSomething" */;
			buildPhases = (
				69A87B341C3F519C00791871 /* Sources */,
				69A87B351C3F519C00791871 /* Frameworks */,
				69A87B361C3F519C00791871 /* Resources */,
			);
			buildRules = (
			);
			dependencies = (
			);
			name = TQSomething;
			productName = TQSomething;
			productReference = 69A87B381C3F519C00791871 /* TQSomething.app */;
			productType = "com.apple.product-type.application";
		};
		69A87B501C3F519D00791871 /* TQSomethingTests */ = {
			isa = PBXNativeTarget;
			buildConfigurationList = 69A87B681C3F519D00791871 /* Build configuration list for PBXNativeTarget "TQSomethingTests" */;
			buildPhases = (
				69A87B4D1C3F519D00791871 /* Sources */,
				69A87B4E1C3F519D00791871 /* Frameworks */,
				69A87B4F1C3F519D00791871 /* Resources */,
			);
			buildRules = (
			);
			dependencies = (
				69A87B531C3F519D00791871 /* PBXTargetDependency */,
			);
			name = TQSomethingTests;
			productName = TQSomethingTests;
			productReference = 69A87B511C3F519D00791871 /* TQSomethingTests.xctest */;
			productType = "com.apple.product-type.bundle.unit-test";
		};
		69A87B5B1C3F519D00791871 /* TQSomethingUITests */ = {
			isa = PBXNativeTarget;
			buildConfigurationList = 69A87B6B1C3F519D00791871 /* Build configuration list for PBXNativeTarget "TQSomethingUITests" */;
			buildPhases = (
				69A87B581C3F519D00791871 /* Sources */,
				69A87B591C3F519D00791871 /* Frameworks */,
				69A87B5A1C3F519D00791871 /* Resources */,
			);
			buildRules = (
			);
			dependencies = (
				69A87B5E1C3F519D00791871 /* PBXTargetDependency */,
			);
			name = TQSomethingUITests;
			productName = TQSomethingUITests;
			productReference = 69A87B5C1C3F519D00791871 /* TQSomethingUITests.xctest */;
			productType = "com.apple.product-type.bundle.ui-testing";
		};
/* End PBXNativeTarget section */

/* Begin PBXProject section */
		69A87B301C3F519C00791871 /* Project object */ = {
			isa = PBXProject;
			attributes = {
				LastUpgradeCheck = 0710;
				ORGANIZATIONNAME = TQ;
				TargetAttributes = {
					69A87B371C3F519C00791871 = {
						CreatedOnToolsVersion = 7.1.1;
					};
					69A87B501C3F519D00791871 = {
						CreatedOnToolsVersion = 7.1.1;
						TestTargetID = 69A87B371C3F519C00791871;
					};
					69A87B5B1C3F519D00791871 = {
						CreatedOnToolsVersion = 7.1.1;
						TestTargetID = 69A87B371C3F519C00791871;
					};
				};
			};
			buildConfigurationList = 69A87B331C3F519C00791871 /* Build configuration list for PBXProject "TQSomething" */;
			compatibilityVersion = "Xcode 3.2";
			developmentRegion = English;
			hasScannedForEncodings = 0;
			knownRegions = (
				en,
				Base,
			);
			mainGroup = 69A87B2F1C3F519C00791871;
			productRefGroup = 69A87B391C3F519C00791871 /* Products */;
			projectDirPath = "";
			projectRoot = "";
			targets = (
				69A87B371C3F519C00791871 /* TQSomething */,
				69A87B501C3F519D00791871 /* TQSomethingTests */,
				69A87B5B1C3F519D00791871 /* TQSomethingUITests */,
			);
		};
/* End PBXProject section */

/* Begin PBXResourcesBuildPhase section */
		69A87B361C3F519C00791871 /* Resources */ = {
			isa = PBXResourcesBuildPhase;
			buildActionMask = 2147483647;
			files = (
				69A87B4B1C3F519D00791871 /* LaunchScreen.storyboard in Resources */,
				69A87B481C3F519D00791871 /* Assets.xcassets in Resources */,
				69A87B461C3F519D00791871 /* Main.storyboard in Resources */,
			);
			runOnlyForDeploymentPostprocessing = 0;
		};
		69A87B4F1C3F519D00791871 /* Resources */ = {
			isa = PBXResourcesBuildPhase;
			buildActionMask = 2147483647;
			files = (
			);
			runOnlyForDeploymentPostprocessing = 0;
		};
		69A87B5A1C3F519D00791871 /* Resources */ = {
			isa = PBXResourcesBuildPhase;
			buildActionMask = 2147483647;
			files = (
			);
			runOnlyForDeploymentPostprocessing = 0;
		};
/* End PBXResourcesBuildPhase section */

/* Begin PBXSourcesBuildPhase section */
		69A87B341C3F519C00791871 /* Sources */ = {
			isa = PBXSourcesBuildPhase;
			buildActionMask = 2147483647;
			files = (
				69A87B431C3F519D00791871 /* ViewController.m in Sources */,
				69A87B401C3F519D00791871 /* AppDelegate.m in Sources */,
				69A87B3D1C3F519D00791871 /* main.m in Sources */,
			);
			runOnlyForDeploymentPostprocessing = 0;
		};
		69A87B4D1C3F519D00791871 /* Sources */ = {
			isa = PBXSourcesBuildPhase;
			buildActionMask = 2147483647;
			files = (
				69A87B561C3F519D00791871 /* TQSomethingTests.m in Sources */,
			);
			runOnlyForDeploymentPostprocessing = 0;
		};
		69A87B581C3F519D00791871 /* Sources */ = {
			isa = PBXSourcesBuildPhase;
			buildActionMask = 2147483647;
			files = (
				69A87B611C3F519D00791871 /* TQSomethingUITests.m in Sources */,
			);
			runOnlyForDeploymentPostprocessing = 0;
		};
/* End PBXSourcesBuildPhase section */

/* Begin PBXTargetDependency section */
		69A87B531C3F519D00791871 /* PBXTargetDependency */ = {
			isa = PBXTargetDependency;
			target = 69A87B371C3F519C00791871 /* TQSomething */;
			targetProxy = 69A87B521C3F519D00791871 /* PBXContainerItemProxy */;
		};
		69A87B5E1C3F519D00791871 /* PBXTargetDependency */ = {
			isa = PBXTargetDependency;
			target = 69A87B371C3F519C00791871 /* TQSomething */;
			targetProxy = 69A87B5D1C3F519D00791871 /* PBXContainerItemProxy */;
		};
/* End PBXTargetDependency section */

/* Begin PBXVariantGroup section */
		69A87B441C3F519D00791871 /* Main.storyboard */ = {
			isa = PBXVariantGroup;
			children = (
				69A87B451C3F519D00791871 /* Base */,
			);
			name = Main.storyboard;
			sourceTree = "<group>";
		};
		69A87B491C3F519D00791871 /* LaunchScreen.storyboard */ = {
			isa = PBXVariantGroup;
			children = (
				69A87B4A1C3F519D00791871 /* Base */,
			);
			name = LaunchScreen.storyboard;
			sourceTree = "<group>";
		};
/* End PBXVariantGroup section */

/* Begin XCBuildConfiguration section */
		69A87B631C3F519D00791871 /* Debug */ = {
			isa = XCBuildConfiguration;
			buildSettings = {
				ALWAYS_SEARCH_USER_PATHS = NO;
				CLANG_CXX_LANGUAGE_STANDARD = "gnu++0x";
				CLANG_CXX_LIBRARY = "libc++";
				CLANG_ENABLE_MODULES = YES;
				CLANG_ENABLE_OBJC_ARC = YES;
				CLANG_WARN_BOOL_CONVERSION = YES;
				CLANG_WARN_CONSTANT_CONVERSION = YES;
				CLANG_WARN_DIRECT_OBJC_ISA_USAGE = YES_ERROR;
				CLANG_WARN_EMPTY_BODY = YES;
				CLANG_WARN_ENUM_CONVERSION = YES;
				CLANG_WARN_INT_CONVERSION = YES;
				CLANG_WARN_OBJC_ROOT_CLASS = YES_ERROR;
				CLANG_WARN_UNREACHABLE_CODE = YES;
				CLANG_WARN__DUPLICATE_METHOD_MATCH = YES;
				"CODE_SIGN_IDENTITY[sdk=iphoneos*]" = "iPhone Developer";
				COPY_PHASE_STRIP = NO;
				DEBUG_INFORMATION_FORMAT = dwarf;
				ENABLE_STRICT_OBJC_MSGSEND = YES;
				ENABLE_TESTABILITY = YES;
				GCC_C_LANGUAGE_STANDARD = gnu99;
				GCC_DYNAMIC_NO_PIC = NO;
				GCC_NO_COMMON_BLOCKS = YES;
				GCC_OPTIMIZATION_LEVEL = 0;
				GCC_PREPROCESSOR_DEFINITIONS = (
					"DEBUG=1",
					"$(inherited)",
				);
				GCC_WARN_64_TO_32_BIT_CONVERSION = YES;
				GCC_WARN_ABOUT_RETURN_TYPE = YES_ERROR;
				GCC_WARN_UNDECLARED_SELECTOR = YES;
				GCC_WARN_UNINITIALIZED_AUTOS = YES_AGGRESSIVE;
				GCC_WARN_UNUSED_FUNCTION = YES;
				GCC_WARN_UNUSED_VARIABLE = YES;
				IPHONEOS_DEPLOYMENT_TARGET = 9.1;
				MTL_ENABLE_DEBUG_INFO = YES;
				ONLY_ACTIVE_ARCH = YES;
				SDKROOT = iphoneos;
				TARGETED_DEVICE_FAMILY = "1,2";
			};
			name = Debug;
		};
		69A87B641C3F519D00791871 /* Release */ = {
			isa = XCBuildConfiguration;
			buildSettings = {
				ALWAYS_SEARCH_USER_PATHS = NO;
				CLANG_CXX_LANGUAGE_STANDARD = "gnu++0x";
				CLANG_CXX_LIBRARY = "libc++";
				CLANG_ENABLE_MODULES = YES;
				CLANG_ENABLE_OBJC_ARC = YES;
				CLANG_WARN_BOOL_CONVERSION = YES;
				CLANG_WARN_CONSTANT_CONVERSION = YES;
				CLANG_WARN_DIRECT_OBJC_ISA_USAGE = YES_ERROR;
				CLANG_WARN_EMPTY_BODY = YES;
				CLANG_WARN_ENUM_CONVERSION = YES;
				CLANG_WARN_INT_CONVERSION = YES;
				CLANG_WARN_OBJC_ROOT_CLASS = YES_ERROR;
				CLANG_WARN_UNREACHABLE_CODE = YES;
				CLANG_WARN__DUPLICATE_METHOD_MATCH = YES;
				"CODE_SIGN_IDENTITY[sdk=iphoneos*]" = "iPhone Developer";
				COPY_PHASE_STRIP = NO;
				DEBUG_INFORMATION_FORMAT = "dwarf-with-dsym";
				ENABLE_NS_ASSERTIONS = NO;
				ENABLE_STRICT_OBJC_MSGSEND = YES;
				GCC_C_LANGUAGE_STANDARD = gnu99;
				GCC_NO_COMMON_BLOCKS = YES;
				GCC_WARN_64_TO_32_BIT_CONVERSION = YES;
				GCC_WARN_ABOUT_RETURN_TYPE = YES_ERROR;
				GCC_WARN_UNDECLARED_SELECTOR = YES;
				GCC_WARN_UNINITIALIZED_AUTOS = YES_AGGRESSIVE;
				GCC_WARN_UNUSED_FUNCTION = YES;
				GCC_WARN_UNUSED_VARIABLE = YES;
				IPHONEOS_DEPLOYMENT_TARGET = 9.1;
				MTL_ENABLE_DEBUG_INFO = NO;
				SDKROOT = iphoneos;
				TARGETED_DEVICE_FAMILY = "1,2";
				VALIDATE_PRODUCT = YES;
			};
			name = Release;
		};
		69A87B661C3F519D00791871 /* Debug */ = {
			isa = XCBuildConfiguration;
			buildSettings = {
				ASSETCATALOG_COMPILER_APPICON_NAME = AppIcon;
				INFOPLIST_FILE = TQSomething/Info.plist;
				LD_RUNPATH_SEARCH_PATHS = "$(inherited) @executable_path/Frameworks";
				PRODUCT_BUNDLE_IDENTIFIER = com.tincent.test.TQSomething;
				PRODUCT_NAME = "$(TARGET_NAME)";
			};
			name = Debug;
		};
		69A87B671C3F519D00791871 /* Release */ = {
			isa = XCBuildConfiguration;
			buildSettings = {
				ASSETCATALOG_COMPILER_APPICON_NAME = AppIcon;
				INFOPLIST_FILE = TQSomething/Info.plist;
				LD_RUNPATH_SEARCH_PATHS = "$(inherited) @executable_path/Frameworks";
				PRODUCT_BUNDLE_IDENTIFIER = com.tincent.test.TQSomething;
				PRODUCT_NAME = "$(TARGET_NAME)";
			};
			name = Release;
		};
		69A87B691C3F519D00791871 /* Debug */ = {
			isa = XCBuildConfiguration;
			buildSettings = {
				BUNDLE_LOADER = "$(TEST_HOST)";
				INFOPLIST_FILE = TQSomethingTests/Info.plist;
				LD_RUNPATH_SEARCH_PATHS = "$(inherited) @executable_path/Frameworks @loader_path/Frameworks";
				PRODUCT_BUNDLE_IDENTIFIER = com.tincent.test.TQSomethingTests;
				PRODUCT_NAME = "$(TARGET_NAME)";
				TEST_HOST = "$(BUILT_PRODUCTS_DIR)/TQSomething.app/TQSomething";
			};
			name = Debug;
		};
		69A87B6A1C3F519D00791871 /* Release */ = {
			isa = XCBuildConfiguration;
			buildSettings = {
				BUNDLE_LOADER = "$(TEST_HOST)";
				INFOPLIST_FILE = TQSomethingTests/Info.plist;
				LD_RUNPATH_SEARCH_PATHS = "$(inherited) @executable_path/Frameworks @loader_path/Frameworks";
				PRODUCT_BUNDLE_IDENTIFIER = com.tincent.test.TQSomethingTests;
				PRODUCT_NAME = "$(TARGET_NAME)";
				TEST_HOST = "$(BUILT_PRODUCTS_DIR)/TQSomething.app/TQSomething";
			};
			name = Release;
		};
		69A87B6C1C3F519D00791871 /* Debug */ = {
			isa = XCBuildConfiguration;
			buildSettings = {
				INFOPLIST_FILE = TQSomethingUITests/Info.plist;
				LD_RUNPATH_SEARCH_PATHS = "$(inherited) @executable_path/Frameworks @loader_path/Frameworks";
				PRODUCT_BUNDLE_IDENTIFIER = com.tincent.test.TQSomethingUITests;
				PRODUCT_NAME = "$(TARGET_NAME)";
				TEST_TARGET_NAME = TQSomething;
				USES_XCTRUNNER = YES;
			};
			name = Debug;
		};
		69A87B6D1C3F519D00791871 /* Release */ = {
			isa = XCBuildConfiguration;
			buildSettings = {
				INFOPLIST_FILE = TQSomethingUITests/Info.plist;
				LD_RUNPATH_SEARCH_PATHS = "$(inherited) @executable_path/Frameworks @loader_path/Frameworks";
				PRODUCT_BUNDLE_IDENTIFIER = com.tincent.test.TQSomethingUITests;
				PRODUCT_NAME = "$(TARGET_NAME)";
				TEST_TARGET_NAME = TQSomething;
				USES_XCTRUNNER = YES;
			};
			name = Release;
		};
/* End XCBuildConfiguration section */

/* Begin XCConfigurationList section */
		69A87B331C3F519C00791871 /* Build configuration list for PBXProject "TQSomething" */ = {
			isa = XCConfigurationList;
			buildConfigurations = (
				69A87B631C3F519D00791871 /* Debug */,
				69A87B641C3F519D00791871 /* Release */,
			);
			defaultConfigurationIsVisible = 0;
			defaultConfigurationName = Release;
		};
		69A87B651C3F519D00791871 /* Build configuration list for PBXNativeTarget "TQSomething" */ = {
			isa = XCConfigurationList;
			buildConfigurations = (
				69A87B661C3F519D00791871 /* Debug */,
				69A87B671C3F519D00791871 /* Release */,
			);
			defaultConfigurationIsVisible = 0;
		};
		69A87B681C3F519D00791871 /* Build configuration list for PBXNativeTarget "TQSomethingTests" */ = {
			isa = XCConfigurationList;
			buildConfigurations = (
				69A87B691C3F519D00791871 /* Debug */,
				69A87B6A1C3F519D00791871 /* Release */,
			);
			defaultConfigurationIsVisible = 0;
		};
		69A87B6B1C3F519D00791871 /* Build configuration list for PBXNativeTarget "TQSomethingUITests" */ = {
			isa = XCConfigurationList;
			buildConfigurations = (
				69A87B6C1C3F519D00791871 /* Debug */,
				69A87B6D1C3F519D00791871 /* Release */,
			);
			defaultConfigurationIsVisible = 0;
		};
/* End XCConfigurationList section */
	};
	rootObject = 69A87B301C3F519C00791871 /* Project object */;
}
